
Microsoft Visual Studio Solution File, Format Version 12.00
# Visual Studio Version 16
VisualStudioVersion = 16.0.30413.136
MinimumVisualStudioVersion = 10.0.40219.1
Project("{8BC9CEB8-8B4A-11D0-8D11-00A0C91BC942}") = "Exercicio 4 letra d", "Exercicio 4 letra d\Exercicio 4 letra d.vcxproj", "{8DDA5C82-F8D7-4C66-840C-8CA2B058DC9C}"
EndProject
Global
	GlobalSection(SolutionConfigurationPlatforms) = preSolution
		Debug|x64 = Debug|x64
		Debug|x86 = Debug|x86
		Release|x64 = Release|x64
		Release|x86 = Release|x86
	EndGlobalSection
	GlobalSection(ProjectConfigurationPlatforms) = postSolution
		{8DDA5C82-F8D7-4C66-840C-8CA2B058DC9C}.Debug|x64.ActiveCfg = Debug|x64
		{8DDA5C82-F8D7-4C66-840C-8CA2B058DC9C}.Debug|x64.Build.0 = Debug|x64
		{8DDA5C82-F8D7-4C66-840C-8CA2B058DC9C}.Debug|x86.ActiveCfg = Debug|Win32
		{8DDA5C82-F8D7-4C66-840C-8CA2B058DC9C}.Debug|x86.Build.0 = Debug|Win32
		{8DDA5C82-F8D7-4C66-840C-8CA2B058DC9C}.Release|x64.ActiveCfg = Release|x64
		{8DDA5C82-F8D7-4C66-840C-8CA2B058DC9C}.Release|x64.Build.0 = Release|x64
		{8DDA5C82-F8D7-4C66-840C-8CA2B058DC9C}.Release|x86.ActiveCfg = Release|Win32
		{8DDA5C82-F8D7-4C66-840C-8CA2B058DC9C}.Release|x86.Build.0 = Release|Win32
	EndGlobalSection
	GlobalSection(SolutionProperties) = preSolution
		HideSolutionNode = FALSE
	EndGlobalSection
	GlobalSection(ExtensibilityGlobals) = postSolution
		SolutionGuid = {10DAE17E-7750-4BAA-B8E8-7FCC81B0FA7B}
	EndGlobalSection
EndGlobal
